
Microsoft Visual Studio Solution File, Format Version 12.00
Project("{2150E333-8FDC-42A3-9474-1A3956D46DE8}") = "src", "src", "{74D4F5AC-1035-4037-B5A2-521023B0287B}"
EndProject
Project("{2150E333-8FDC-42A3-9474-1A3956D46DE8}") = "1.Enterprise Business Rules", "1.Enterprise Business Rules", "{74E872BB-7946-4F70-A830-BA737927BDEB}"
EndProject
Project("{2150E333-8FDC-42A3-9474-1A3956D46DE8}") = "2.Application Business Rules", "2.Application Business Rules", "{9CDBF6B7-9605-4E4F-A1A8-1D9ED7EA4FF1}"
EndProject
Project("{2150E333-8FDC-42A3-9474-1A3956D46DE8}") = "3.Interface Adapters", "3.Interface Adapters", "{409C3BDD-71C1-4A17-A188-95B2CDD4E759}"
EndProject
Project("{2150E333-8FDC-42A3-9474-1A3956D46DE8}") = "4.Frameworks And Drivers", "4.Frameworks And Drivers", "{DFB9C4D3-63F9-4163-A801-D2A0468ACF74}"
EndProject
Project("{FAE04EC0-301F-11D3-BF4B-00C04F79EFBC}") = "DASSoluciones.AppERP.Entities", "DASSoluciones.AppERP.Entities\DASSoluciones.AppERP.Entities.csproj", "{55009E3A-9992-4262-ADB2-AFABF25E67E3}"
EndProject
Project("{FAE04EC0-301F-11D3-BF4B-00C04F79EFBC}") = "DASSoluciones.AppERP.Frontend.BusinessObject", "DASSoluciones.AppERP.Frontend.BusinessObject\DASSoluciones.AppERP.Frontend.BusinessObject.csproj", "{1E8FEACF-DA38-4524-BDAC-FB199DC9AD13}"
EndProject
Project("{2150E333-8FDC-42A3-9474-1A3956D46DE8}") = "Gateways", "Gateways", "{E2568C6D-A069-4EFA-83E8-F44E03F3E801}"
EndProject
Project("{FAE04EC0-301F-11D3-BF4B-00C04F79EFBC}") = "DASSoluciones.AppERP.Frontend.WebApiProxies", "DASSoluciones.AppERP.Frontend.WebApiProxies\DASSoluciones.AppERP.Frontend.WebApiProxies.csproj", "{7C93729F-B608-466D-8CF6-F7583065F57C}"
EndProject
Project("{2150E333-8FDC-42A3-9474-1A3956D46DE8}") = "ViewModels", "ViewModels", "{98608F66-B370-4C8E-85A5-018428B7CBDC}"
EndProject
Project("{FAE04EC0-301F-11D3-BF4B-00C04F79EFBC}") = "DASSoluciones.AppERP.Frontend.ViewModels", "DASSoluciones.AppERP.Frontend.ViewModels\DASSoluciones.AppERP.Frontend.ViewModels.csproj", "{6EA79595-FB7C-4078-A3E0-19042F5886E2}"
EndProject
Project("{2150E333-8FDC-42A3-9474-1A3956D46DE8}") = "Views", "Views", "{D8E23A4D-35D4-4CC4-9A56-54BBF72D7A4F}"
EndProject
Project("{FAE04EC0-301F-11D3-BF4B-00C04F79EFBC}") = "DASSoluciones.AppErp.Frontend.RazorViews", "DASSoluciones.AppErp.Frontend.RazorViews\DASSoluciones.AppErp.Frontend.RazorViews.csproj", "{D42C0581-2D0A-49C9-B504-4F09E70E8351}"
EndProject
Project("{2150E333-8FDC-42A3-9474-1A3956D46DE8}") = "IoCs", "IoCs", "{5ED0E707-ED02-4F3D-BCD6-AB1273EB3A7A}"
EndProject
Project("{FAE04EC0-301F-11D3-BF4B-00C04F79EFBC}") = "DASSoluciones.AppERP.Frontend.IoC", "DASSoluciones.AppERP.Frontend.IoC\DASSoluciones.AppERP.Frontend.IoC.csproj", "{8B398AD4-0CD8-4DFC-85FC-3B77EFFC850D}"
EndProject
Project("{2150E333-8FDC-42A3-9474-1A3956D46DE8}") = "UIs", "UIs", "{9C2DA558-5F6A-4BE7-B798-1828D4DC15D0}"
EndProject
Project("{FAE04EC0-301F-11D3-BF4B-00C04F79EFBC}") = "DASSoluciones.AppERP.BlazorClient", "DASSoluciones.AppERP.BlazorClient\DASSoluciones.AppERP.BlazorClient.csproj", "{0D97844A-AD0D-4D70-A4E4-3AC5412638C4}"
EndProject
Project("{FAE04EC0-301F-11D3-BF4B-00C04F79EFBC}") = "DASSoluciones.AppERP.Backend.BusinessObject", "DASSoluciones.AppERP.Backend.BusinessObject\DASSoluciones.AppERP.Backend.BusinessObject.csproj", "{2D4386D7-DF84-4918-8624-B680635FB00F}"
EndProject
Project("{FAE04EC0-301F-11D3-BF4B-00C04F79EFBC}") = "DASSoluciones.AppERP.Backend.UseCases", "DASSoluciones.AppERP.Backend.UseCases\DASSoluciones.AppERP.Backend.UseCases.csproj", "{9142CC0C-1863-4403-8540-BE2FCFCBBB35}"
EndProject
Project("{FAE04EC0-301F-11D3-BF4B-00C04F79EFBC}") = "DASSoluciones.AppERP.Backend.Repositories", "DASSoluciones.AppERP.Backend.Repositories\DASSoluciones.AppERP.Backend.Repositories.csproj", "{1FF0EC11-6922-47AE-928F-DFF61267E0E7}"
EndProject
Project("{2150E333-8FDC-42A3-9474-1A3956D46DE8}") = "DataSources", "DataSources", "{70021CE9-5CDC-485F-8BB6-39130536C959}"
EndProject
Project("{FAE04EC0-301F-11D3-BF4B-00C04F79EFBC}") = "DASSoluciones.AppERP.DBAdmin", "DASSoluciones.AppERP.DBAdmin\DASSoluciones.AppERP.DBAdmin.csproj", "{9D4C2066-4D6B-437A-B098-BFC4EA6BEA1C}"
EndProject
Project("{FAE04EC0-301F-11D3-BF4B-00C04F79EFBC}") = "DASSoluciones.AppERP.EFCore.DataSources", "DASSoluciones.AppERP.EFCore.DataSources\DASSoluciones.AppERP.EFCore.DataSources.csproj", "{198A92D3-31FE-4C5B-945D-C6B1DEE99DB3}"
EndProject
Project("{2150E333-8FDC-42A3-9474-1A3956D46DE8}") = "Presenters", "Presenters", "{5A5F1A17-DA5F-46AB-8CE1-475D24F9B789}"
EndProject
Project("{FAE04EC0-301F-11D3-BF4B-00C04F79EFBC}") = "DASSoluciones.AppERP.Backend.Presenters", "DASSoluciones.AppERP.Backend.Presenters\DASSoluciones.AppERP.Backend.Presenters.csproj", "{772CA416-B1B3-4CD7-B55C-2747863CF3E9}"
EndProject
Project("{2150E333-8FDC-42A3-9474-1A3956D46DE8}") = "Controllers", "Controllers", "{73B1F77E-0C8E-4E54-9FAE-F1511F829B3D}"
EndProject
Project("{FAE04EC0-301F-11D3-BF4B-00C04F79EFBC}") = "DASSoluciones.AppERP.Backend.Controllers", "DASSoluciones.AppERP.Backend.Controllers\DASSoluciones.AppERP.Backend.Controllers.csproj", "{5165917B-3813-4E78-94B5-E28DBB7372FB}"
EndProject
Project("{FAE04EC0-301F-11D3-BF4B-00C04F79EFBC}") = "DASSoluciones.AppERP.Backend.IoC", "DASSoluciones.AppERP.Backend.IoC\DASSoluciones.AppERP.Backend.IoC.csproj", "{15838821-53C1-4B9B-881A-194DF294B6FE}"
EndProject
Project("{FAE04EC0-301F-11D3-BF4B-00C04F79EFBC}") = "DASSoluciones.AppERP.WebApi", "DASSoluciones.AppERP.WebApi\DASSoluciones.AppERP.WebApi.csproj", "{4A872E8B-CD28-4131-8516-C37D77165D50}"
EndProject
Global
	GlobalSection(SolutionConfigurationPlatforms) = preSolution
		Debug|Any CPU = Debug|Any CPU
		Release|Any CPU = Release|Any CPU
	EndGlobalSection
	GlobalSection(NestedProjects) = preSolution
		{74E872BB-7946-4F70-A830-BA737927BDEB} = {74D4F5AC-1035-4037-B5A2-521023B0287B}
		{9CDBF6B7-9605-4E4F-A1A8-1D9ED7EA4FF1} = {74D4F5AC-1035-4037-B5A2-521023B0287B}
		{409C3BDD-71C1-4A17-A188-95B2CDD4E759} = {74D4F5AC-1035-4037-B5A2-521023B0287B}
		{DFB9C4D3-63F9-4163-A801-D2A0468ACF74} = {74D4F5AC-1035-4037-B5A2-521023B0287B}
		{55009E3A-9992-4262-ADB2-AFABF25E67E3} = {74E872BB-7946-4F70-A830-BA737927BDEB}
		{1E8FEACF-DA38-4524-BDAC-FB199DC9AD13} = {9CDBF6B7-9605-4E4F-A1A8-1D9ED7EA4FF1}
		{E2568C6D-A069-4EFA-83E8-F44E03F3E801} = {409C3BDD-71C1-4A17-A188-95B2CDD4E759}
		{7C93729F-B608-466D-8CF6-F7583065F57C} = {E2568C6D-A069-4EFA-83E8-F44E03F3E801}
		{98608F66-B370-4C8E-85A5-018428B7CBDC} = {409C3BDD-71C1-4A17-A188-95B2CDD4E759}
		{6EA79595-FB7C-4078-A3E0-19042F5886E2} = {98608F66-B370-4C8E-85A5-018428B7CBDC}
		{D8E23A4D-35D4-4CC4-9A56-54BBF72D7A4F} = {409C3BDD-71C1-4A17-A188-95B2CDD4E759}
		{D42C0581-2D0A-49C9-B504-4F09E70E8351} = {D8E23A4D-35D4-4CC4-9A56-54BBF72D7A4F}
		{5ED0E707-ED02-4F3D-BCD6-AB1273EB3A7A} = {DFB9C4D3-63F9-4163-A801-D2A0468ACF74}
		{8B398AD4-0CD8-4DFC-85FC-3B77EFFC850D} = {5ED0E707-ED02-4F3D-BCD6-AB1273EB3A7A}
		{9C2DA558-5F6A-4BE7-B798-1828D4DC15D0} = {DFB9C4D3-63F9-4163-A801-D2A0468ACF74}
		{0D97844A-AD0D-4D70-A4E4-3AC5412638C4} = {9C2DA558-5F6A-4BE7-B798-1828D4DC15D0}
		{2D4386D7-DF84-4918-8624-B680635FB00F} = {9CDBF6B7-9605-4E4F-A1A8-1D9ED7EA4FF1}
		{9142CC0C-1863-4403-8540-BE2FCFCBBB35} = {9CDBF6B7-9605-4E4F-A1A8-1D9ED7EA4FF1}
		{1FF0EC11-6922-47AE-928F-DFF61267E0E7} = {E2568C6D-A069-4EFA-83E8-F44E03F3E801}
		{70021CE9-5CDC-485F-8BB6-39130536C959} = {DFB9C4D3-63F9-4163-A801-D2A0468ACF74}
		{9D4C2066-4D6B-437A-B098-BFC4EA6BEA1C} = {70021CE9-5CDC-485F-8BB6-39130536C959}
		{198A92D3-31FE-4C5B-945D-C6B1DEE99DB3} = {70021CE9-5CDC-485F-8BB6-39130536C959}
		{5A5F1A17-DA5F-46AB-8CE1-475D24F9B789} = {409C3BDD-71C1-4A17-A188-95B2CDD4E759}
		{772CA416-B1B3-4CD7-B55C-2747863CF3E9} = {5A5F1A17-DA5F-46AB-8CE1-475D24F9B789}
		{73B1F77E-0C8E-4E54-9FAE-F1511F829B3D} = {409C3BDD-71C1-4A17-A188-95B2CDD4E759}
		{5165917B-3813-4E78-94B5-E28DBB7372FB} = {73B1F77E-0C8E-4E54-9FAE-F1511F829B3D}
		{15838821-53C1-4B9B-881A-194DF294B6FE} = {5ED0E707-ED02-4F3D-BCD6-AB1273EB3A7A}
		{4A872E8B-CD28-4131-8516-C37D77165D50} = {9C2DA558-5F6A-4BE7-B798-1828D4DC15D0}
	EndGlobalSection
	GlobalSection(ProjectConfigurationPlatforms) = postSolution
		{55009E3A-9992-4262-ADB2-AFABF25E67E3}.Debug|Any CPU.ActiveCfg = Debug|Any CPU
		{55009E3A-9992-4262-ADB2-AFABF25E67E3}.Debug|Any CPU.Build.0 = Debug|Any CPU
		{55009E3A-9992-4262-ADB2-AFABF25E67E3}.Release|Any CPU.ActiveCfg = Release|Any CPU
		{55009E3A-9992-4262-ADB2-AFABF25E67E3}.Release|Any CPU.Build.0 = Release|Any CPU
		{1E8FEACF-DA38-4524-BDAC-FB199DC9AD13}.Debug|Any CPU.ActiveCfg = Debug|Any CPU
		{1E8FEACF-DA38-4524-BDAC-FB199DC9AD13}.Debug|Any CPU.Build.0 = Debug|Any CPU
		{1E8FEACF-DA38-4524-BDAC-FB199DC9AD13}.Release|Any CPU.ActiveCfg = Release|Any CPU
		{1E8FEACF-DA38-4524-BDAC-FB199DC9AD13}.Release|Any CPU.Build.0 = Release|Any CPU
		{7C93729F-B608-466D-8CF6-F7583065F57C}.Debug|Any CPU.ActiveCfg = Debug|Any CPU
		{7C93729F-B608-466D-8CF6-F7583065F57C}.Debug|Any CPU.Build.0 = Debug|Any CPU
		{7C93729F-B608-466D-8CF6-F7583065F57C}.Release|Any CPU.ActiveCfg = Release|Any CPU
		{7C93729F-B608-466D-8CF6-F7583065F57C}.Release|Any CPU.Build.0 = Release|Any CPU
		{6EA79595-FB7C-4078-A3E0-19042F5886E2}.Debug|Any CPU.ActiveCfg = Debug|Any CPU
		{6EA79595-FB7C-4078-A3E0-19042F5886E2}.Debug|Any CPU.Build.0 = Debug|Any CPU
		{6EA79595-FB7C-4078-A3E0-19042F5886E2}.Release|Any CPU.ActiveCfg = Release|Any CPU
		{6EA79595-FB7C-4078-A3E0-19042F5886E2}.Release|Any CPU.Build.0 = Release|Any CPU
		{D42C0581-2D0A-49C9-B504-4F09E70E8351}.Debug|Any CPU.ActiveCfg = Debug|Any CPU
		{D42C0581-2D0A-49C9-B504-4F09E70E8351}.Debug|Any CPU.Build.0 = Debug|Any CPU
		{D42C0581-2D0A-49C9-B504-4F09E70E8351}.Release|Any CPU.ActiveCfg = Release|Any CPU
		{D42C0581-2D0A-49C9-B504-4F09E70E8351}.Release|Any CPU.Build.0 = Release|Any CPU
		{8B398AD4-0CD8-4DFC-85FC-3B77EFFC850D}.Debug|Any CPU.ActiveCfg = Debug|Any CPU
		{8B398AD4-0CD8-4DFC-85FC-3B77EFFC850D}.Debug|Any CPU.Build.0 = Debug|Any CPU
		{8B398AD4-0CD8-4DFC-85FC-3B77EFFC850D}.Release|Any CPU.ActiveCfg = Release|Any CPU
		{8B398AD4-0CD8-4DFC-85FC-3B77EFFC850D}.Release|Any CPU.Build.0 = Release|Any CPU
		{0D97844A-AD0D-4D70-A4E4-3AC5412638C4}.Debug|Any CPU.ActiveCfg = Debug|Any CPU
		{0D97844A-AD0D-4D70-A4E4-3AC5412638C4}.Debug|Any CPU.Build.0 = Debug|Any CPU
		{0D97844A-AD0D-4D70-A4E4-3AC5412638C4}.Release|Any CPU.ActiveCfg = Release|Any CPU
		{0D97844A-AD0D-4D70-A4E4-3AC5412638C4}.Release|Any CPU.Build.0 = Release|Any CPU
		{2D4386D7-DF84-4918-8624-B680635FB00F}.Debug|Any CPU.ActiveCfg = Debug|Any CPU
		{2D4386D7-DF84-4918-8624-B680635FB00F}.Debug|Any CPU.Build.0 = Debug|Any CPU
		{2D4386D7-DF84-4918-8624-B680635FB00F}.Release|Any CPU.ActiveCfg = Release|Any CPU
		{2D4386D7-DF84-4918-8624-B680635FB00F}.Release|Any CPU.Build.0 = Release|Any CPU
		{9142CC0C-1863-4403-8540-BE2FCFCBBB35}.Debug|Any CPU.ActiveCfg = Debug|Any CPU
		{9142CC0C-1863-4403-8540-BE2FCFCBBB35}.Debug|Any CPU.Build.0 = Debug|Any CPU
		{9142CC0C-1863-4403-8540-BE2FCFCBBB35}.Release|Any CPU.ActiveCfg = Release|Any CPU
		{9142CC0C-1863-4403-8540-BE2FCFCBBB35}.Release|Any CPU.Build.0 = Release|Any CPU
		{1FF0EC11-6922-47AE-928F-DFF61267E0E7}.Debug|Any CPU.ActiveCfg = Debug|Any CPU
		{1FF0EC11-6922-47AE-928F-DFF61267E0E7}.Debug|Any CPU.Build.0 = Debug|Any CPU
		{1FF0EC11-6922-47AE-928F-DFF61267E0E7}.Release|Any CPU.ActiveCfg = Release|Any CPU
		{1FF0EC11-6922-47AE-928F-DFF61267E0E7}.Release|Any CPU.Build.0 = Release|Any CPU
		{9D4C2066-4D6B-437A-B098-BFC4EA6BEA1C}.Debug|Any CPU.ActiveCfg = Debug|Any CPU
		{9D4C2066-4D6B-437A-B098-BFC4EA6BEA1C}.Debug|Any CPU.Build.0 = Debug|Any CPU
		{9D4C2066-4D6B-437A-B098-BFC4EA6BEA1C}.Release|Any CPU.ActiveCfg = Release|Any CPU
		{9D4C2066-4D6B-437A-B098-BFC4EA6BEA1C}.Release|Any CPU.Build.0 = Release|Any CPU
		{198A92D3-31FE-4C5B-945D-C6B1DEE99DB3}.Debug|Any CPU.ActiveCfg = Debug|Any CPU
		{198A92D3-31FE-4C5B-945D-C6B1DEE99DB3}.Debug|Any CPU.Build.0 = Debug|Any CPU
		{198A92D3-31FE-4C5B-945D-C6B1DEE99DB3}.Release|Any CPU.ActiveCfg = Release|Any CPU
		{198A92D3-31FE-4C5B-945D-C6B1DEE99DB3}.Release|Any CPU.Build.0 = Release|Any CPU
		{772CA416-B1B3-4CD7-B55C-2747863CF3E9}.Debug|Any CPU.ActiveCfg = Debug|Any CPU
		{772CA416-B1B3-4CD7-B55C-2747863CF3E9}.Debug|Any CPU.Build.0 = Debug|Any CPU
		{772CA416-B1B3-4CD7-B55C-2747863CF3E9}.Release|Any CPU.ActiveCfg = Release|Any CPU
		{772CA416-B1B3-4CD7-B55C-2747863CF3E9}.Release|Any CPU.Build.0 = Release|Any CPU
		{5165917B-3813-4E78-94B5-E28DBB7372FB}.Debug|Any CPU.ActiveCfg = Debug|Any CPU
		{5165917B-3813-4E78-94B5-E28DBB7372FB}.Debug|Any CPU.Build.0 = Debug|Any CPU
		{5165917B-3813-4E78-94B5-E28DBB7372FB}.Release|Any CPU.ActiveCfg = Release|Any CPU
		{5165917B-3813-4E78-94B5-E28DBB7372FB}.Release|Any CPU.Build.0 = Release|Any CPU
		{15838821-53C1-4B9B-881A-194DF294B6FE}.Debug|Any CPU.ActiveCfg = Debug|Any CPU
		{15838821-53C1-4B9B-881A-194DF294B6FE}.Debug|Any CPU.Build.0 = Debug|Any CPU
		{15838821-53C1-4B9B-881A-194DF294B6FE}.Release|Any CPU.ActiveCfg = Release|Any CPU
		{15838821-53C1-4B9B-881A-194DF294B6FE}.Release|Any CPU.Build.0 = Release|Any CPU
		{4A872E8B-CD28-4131-8516-C37D77165D50}.Debug|Any CPU.ActiveCfg = Debug|Any CPU
		{4A872E8B-CD28-4131-8516-C37D77165D50}.Debug|Any CPU.Build.0 = Debug|Any CPU
		{4A872E8B-CD28-4131-8516-C37D77165D50}.Release|Any CPU.ActiveCfg = Release|Any CPU
		{4A872E8B-CD28-4131-8516-C37D77165D50}.Release|Any CPU.Build.0 = Release|Any CPU
	EndGlobalSection
EndGlobal
