
Microsoft Visual Studio Solution File, Format Version 12.00
Project("{2150E333-8FDC-42A3-9474-1A3956D46DE8}") = "src", "src", "{74D4F5AC-1035-4037-B5A2-521023B0287B}"
EndProject
Project("{2150E333-8FDC-42A3-9474-1A3956D46DE8}") = "1.Enterprise Business Rules", "1.Enterprise Business Rules", "{74E872BB-7946-4F70-A830-BA737927BDEB}"
EndProject
Project("{2150E333-8FDC-42A3-9474-1A3956D46DE8}") = "2.Application Business Rules", "2.Application Business Rules", "{9CDBF6B7-9605-4E4F-A1A8-1D9ED7EA4FF1}"
EndProject
Project("{2150E333-8FDC-42A3-9474-1A3956D46DE8}") = "3.Interface Adapters", "3.Interface Adapters", "{409C3BDD-71C1-4A17-A188-95B2CDD4E759}"
EndProject
Project("{2150E333-8FDC-42A3-9474-1A3956D46DE8}") = "4.Frameworks And Drivers", "4.Frameworks And Drivers", "{DFB9C4D3-63F9-4163-A801-D2A0468ACF74}"
EndProject
Project("{FAE04EC0-301F-11D3-BF4B-00C04F79EFBC}") = "DASSoluciones.AppERP.Entities", "DASSoluciones.AppERP.Entities\DASSoluciones.AppERP.Entities.csproj", "{55009E3A-9992-4262-ADB2-AFABF25E67E3}"
EndProject
Project("{FAE04EC0-301F-11D3-BF4B-00C04F79EFBC}") = "DASSoluciones.AppERP.Frontend.BusinessObject", "DASSoluciones.AppERP.Frontend.BusinessObject\DASSoluciones.AppERP.Frontend.BusinessObject.csproj", "{1E8FEACF-DA38-4524-BDAC-FB199DC9AD13}"
EndProject
Project("{2150E333-8FDC-42A3-9474-1A3956D46DE8}") = "Gateways", "Gateways", "{E2568C6D-A069-4EFA-83E8-F44E03F3E801}"
EndProject
Project("{FAE04EC0-301F-11D3-BF4B-00C04F79EFBC}") = "DASSoluciones.AppERP.Frontend.WebApiProxies", "DASSoluciones.AppERP.Frontend.WebApiProxies\DASSoluciones.AppERP.Frontend.WebApiProxies.csproj", "{7C93729F-B608-466D-8CF6-F7583065F57C}"
EndProject
Project("{2150E333-8FDC-42A3-9474-1A3956D46DE8}") = "ViewModels", "ViewModels", "{98608F66-B370-4C8E-85A5-018428B7CBDC}"
EndProject
Project("{FAE04EC0-301F-11D3-BF4B-00C04F79EFBC}") = "DASSoluciones.AppERP.Frontend.ViewModels", "DASSoluciones.AppERP.Frontend.ViewModels\DASSoluciones.AppERP.Frontend.ViewModels.csproj", "{6EA79595-FB7C-4078-A3E0-19042F5886E2}"
EndProject
Project("{2150E333-8FDC-42A3-9474-1A3956D46DE8}") = "Views", "Views", "{D8E23A4D-35D4-4CC4-9A56-54BBF72D7A4F}"
EndProject
Project("{FAE04EC0-301F-11D3-BF4B-00C04F79EFBC}") = "DASSoluciones.AppErp.Frontend.RazorViews", "DASSoluciones.AppErp.Frontend.RazorViews\DASSoluciones.AppErp.Frontend.RazorViews.csproj", "{D42C0581-2D0A-49C9-B504-4F09E70E8351}"
EndProject
Project("{2150E333-8FDC-42A3-9474-1A3956D46DE8}") = "IoCs", "IoCs", "{5ED0E707-ED02-4F3D-BCD6-AB1273EB3A7A}"
EndProject
Project("{FAE04EC0-301F-11D3-BF4B-00C04F79EFBC}") = "DASSoluciones.AppERP.Frontend.IoC", "DASSoluciones.AppERP.Frontend.IoC\DASSoluciones.AppERP.Frontend.IoC.csproj", "{8B398AD4-0CD8-4DFC-85FC-3B77EFFC850D}"
EndProject
Project("{2150E333-8FDC-42A3-9474-1A3956D46DE8}") = "UIs", "UIs", "{9C2DA558-5F6A-4BE7-B798-1828D4DC15D0}"
EndProject
Project("{FAE04EC0-301F-11D3-BF4B-00C04F79EFBC}") = "DASSoluciones.AppERP.BlazorClient", "DASSoluciones.AppERP.BlazorClient\DASSoluciones.AppERP.BlazorClient.csproj", "{0D97844A-AD0D-4D70-A4E4-3AC5412638C4}"
EndProject
Global
	GlobalSection(SolutionConfigurationPlatforms) = preSolution
		Debug|Any CPU = Debug|Any CPU
		Release|Any CPU = Release|Any CPU
	EndGlobalSection
	GlobalSection(NestedProjects) = preSolution
		{74E872BB-7946-4F70-A830-BA737927BDEB} = {74D4F5AC-1035-4037-B5A2-521023B0287B}
		{9CDBF6B7-9605-4E4F-A1A8-1D9ED7EA4FF1} = {74D4F5AC-1035-4037-B5A2-521023B0287B}
		{409C3BDD-71C1-4A17-A188-95B2CDD4E759} = {74D4F5AC-1035-4037-B5A2-521023B0287B}
		{DFB9C4D3-63F9-4163-A801-D2A0468ACF74} = {74D4F5AC-1035-4037-B5A2-521023B0287B}
		{55009E3A-9992-4262-ADB2-AFABF25E67E3} = {74E872BB-7946-4F70-A830-BA737927BDEB}
		{1E8FEACF-DA38-4524-BDAC-FB199DC9AD13} = {9CDBF6B7-9605-4E4F-A1A8-1D9ED7EA4FF1}
		{E2568C6D-A069-4EFA-83E8-F44E03F3E801} = {409C3BDD-71C1-4A17-A188-95B2CDD4E759}
		{7C93729F-B608-466D-8CF6-F7583065F57C} = {E2568C6D-A069-4EFA-83E8-F44E03F3E801}
		{98608F66-B370-4C8E-85A5-018428B7CBDC} = {409C3BDD-71C1-4A17-A188-95B2CDD4E759}
		{6EA79595-FB7C-4078-A3E0-19042F5886E2} = {98608F66-B370-4C8E-85A5-018428B7CBDC}
		{D8E23A4D-35D4-4CC4-9A56-54BBF72D7A4F} = {409C3BDD-71C1-4A17-A188-95B2CDD4E759}
		{D42C0581-2D0A-49C9-B504-4F09E70E8351} = {D8E23A4D-35D4-4CC4-9A56-54BBF72D7A4F}
		{5ED0E707-ED02-4F3D-BCD6-AB1273EB3A7A} = {DFB9C4D3-63F9-4163-A801-D2A0468ACF74}
		{8B398AD4-0CD8-4DFC-85FC-3B77EFFC850D} = {5ED0E707-ED02-4F3D-BCD6-AB1273EB3A7A}
		{9C2DA558-5F6A-4BE7-B798-1828D4DC15D0} = {DFB9C4D3-63F9-4163-A801-D2A0468ACF74}
		{0D97844A-AD0D-4D70-A4E4-3AC5412638C4} = {9C2DA558-5F6A-4BE7-B798-1828D4DC15D0}
	EndGlobalSection
	GlobalSection(ProjectConfigurationPlatforms) = postSolution
		{55009E3A-9992-4262-ADB2-AFABF25E67E3}.Debug|Any CPU.ActiveCfg = Debug|Any CPU
		{55009E3A-9992-4262-ADB2-AFABF25E67E3}.Debug|Any CPU.Build.0 = Debug|Any CPU
		{55009E3A-9992-4262-ADB2-AFABF25E67E3}.Release|Any CPU.ActiveCfg = Release|Any CPU
		{55009E3A-9992-4262-ADB2-AFABF25E67E3}.Release|Any CPU.Build.0 = Release|Any CPU
		{1E8FEACF-DA38-4524-BDAC-FB199DC9AD13}.Debug|Any CPU.ActiveCfg = Debug|Any CPU
		{1E8FEACF-DA38-4524-BDAC-FB199DC9AD13}.Debug|Any CPU.Build.0 = Debug|Any CPU
		{1E8FEACF-DA38-4524-BDAC-FB199DC9AD13}.Release|Any CPU.ActiveCfg = Release|Any CPU
		{1E8FEACF-DA38-4524-BDAC-FB199DC9AD13}.Release|Any CPU.Build.0 = Release|Any CPU
		{7C93729F-B608-466D-8CF6-F7583065F57C}.Debug|Any CPU.ActiveCfg = Debug|Any CPU
		{7C93729F-B608-466D-8CF6-F7583065F57C}.Debug|Any CPU.Build.0 = Debug|Any CPU
		{7C93729F-B608-466D-8CF6-F7583065F57C}.Release|Any CPU.ActiveCfg = Release|Any CPU
		{7C93729F-B608-466D-8CF6-F7583065F57C}.Release|Any CPU.Build.0 = Release|Any CPU
		{6EA79595-FB7C-4078-A3E0-19042F5886E2}.Debug|Any CPU.ActiveCfg = Debug|Any CPU
		{6EA79595-FB7C-4078-A3E0-19042F5886E2}.Debug|Any CPU.Build.0 = Debug|Any CPU
		{6EA79595-FB7C-4078-A3E0-19042F5886E2}.Release|Any CPU.ActiveCfg = Release|Any CPU
		{6EA79595-FB7C-4078-A3E0-19042F5886E2}.Release|Any CPU.Build.0 = Release|Any CPU
		{D42C0581-2D0A-49C9-B504-4F09E70E8351}.Debug|Any CPU.ActiveCfg = Debug|Any CPU
		{D42C0581-2D0A-49C9-B504-4F09E70E8351}.Debug|Any CPU.Build.0 = Debug|Any CPU
		{D42C0581-2D0A-49C9-B504-4F09E70E8351}.Release|Any CPU.ActiveCfg = Release|Any CPU
		{D42C0581-2D0A-49C9-B504-4F09E70E8351}.Release|Any CPU.Build.0 = Release|Any CPU
		{8B398AD4-0CD8-4DFC-85FC-3B77EFFC850D}.Debug|Any CPU.ActiveCfg = Debug|Any CPU
		{8B398AD4-0CD8-4DFC-85FC-3B77EFFC850D}.Debug|Any CPU.Build.0 = Debug|Any CPU
		{8B398AD4-0CD8-4DFC-85FC-3B77EFFC850D}.Release|Any CPU.ActiveCfg = Release|Any CPU
		{8B398AD4-0CD8-4DFC-85FC-3B77EFFC850D}.Release|Any CPU.Build.0 = Release|Any CPU
		{0D97844A-AD0D-4D70-A4E4-3AC5412638C4}.Debug|Any CPU.ActiveCfg = Debug|Any CPU
		{0D97844A-AD0D-4D70-A4E4-3AC5412638C4}.Debug|Any CPU.Build.0 = Debug|Any CPU
		{0D97844A-AD0D-4D70-A4E4-3AC5412638C4}.Release|Any CPU.ActiveCfg = Release|Any CPU
		{0D97844A-AD0D-4D70-A4E4-3AC5412638C4}.Release|Any CPU.Build.0 = Release|Any CPU
	EndGlobalSection
EndGlobal
